
Microsoft Visual Studio Solution File, Format Version 12.00
# Visual Studio 14
VisualStudioVersion = 14.0.25420.1
MinimumVisualStudioVersion = 10.0.40219.1
Project("{FAE04EC0-301F-11D3-BF4B-00C04F79EFBC}") = "People", "People\People\People.csproj", "{AED3EFCF-937A-4324-8DB0-DEB61334F3C6}"
EndProject
Project("{FAE04EC0-301F-11D3-BF4B-00C04F79EFBC}") = "People.Droid", "People\People.Droid\People.Droid.csproj", "{57950380-DA2C-40A9-A2D9-4B0698DE4A5A}"
EndProject
Project("{FAE04EC0-301F-11D3-BF4B-00C04F79EFBC}") = "People.iOS", "People\People.iOS\People.iOS.csproj", "{939FF7F7-4368-4468-80EC-BE2FADC45BDC}"
EndProject
Project("{FAE04EC0-301F-11D3-BF4B-00C04F79EFBC}") = "People.WinPhone", "People\People.WinPhone\People.WinPhone.csproj", "{70776F94-4F6E-4201-A256-67120BDD4F91}"
EndProject
Project("{FAE04EC0-301F-11D3-BF4B-00C04F79EFBC}") = "People.UWP", "People\People.UWP\People.UWP.csproj", "{9C81A7A9-9B56-477C-B717-877FCFB69F85}"
EndProject
Project("{FAE04EC0-301F-11D3-BF4B-00C04F79EFBC}") = "People.Windows", "People\People.Windows\People.Windows.csproj", "{08AAA9AD-B7A7-418C-A4D5-6CAC5785D23D}"
EndProject
Global
	GlobalSection(SolutionConfigurationPlatforms) = preSolution
		Ad-Hoc|Any CPU = Ad-Hoc|Any CPU
		Ad-Hoc|ARM = Ad-Hoc|ARM
		Ad-Hoc|iPhone = Ad-Hoc|iPhone
		Ad-Hoc|iPhoneSimulator = Ad-Hoc|iPhoneSimulator
		Ad-Hoc|x64 = Ad-Hoc|x64
		Ad-Hoc|x86 = Ad-Hoc|x86
		AppStore|Any CPU = AppStore|Any CPU
		AppStore|ARM = AppStore|ARM
		AppStore|iPhone = AppStore|iPhone
		AppStore|iPhoneSimulator = AppStore|iPhoneSimulator
		AppStore|x64 = AppStore|x64
		AppStore|x86 = AppStore|x86
		Debug|Any CPU = Debug|Any CPU
		Debug|ARM = Debug|ARM
		Debug|iPhone = Debug|iPhone
		Debug|iPhoneSimulator = Debug|iPhoneSimulator
		Debug|x64 = Debug|x64
		Debug|x86 = Debug|x86
		Release|Any CPU = Release|Any CPU
		Release|ARM = Release|ARM
		Release|iPhone = Release|iPhone
		Release|iPhoneSimulator = Release|iPhoneSimulator
		Release|x64 = Release|x64
		Release|x86 = Release|x86
	EndGlobalSection
	GlobalSection(ProjectConfigurationPlatforms) = postSolution
		{AED3EFCF-937A-4324-8DB0-DEB61334F3C6}.Ad-Hoc|Any CPU.ActiveCfg = Release|Any CPU
		{AED3EFCF-937A-4324-8DB0-DEB61334F3C6}.Ad-Hoc|Any CPU.Build.0 = Release|Any CPU
		{AED3EFCF-937A-4324-8DB0-DEB61334F3C6}.Ad-Hoc|ARM.ActiveCfg = Release|Any CPU
		{AED3EFCF-937A-4324-8DB0-DEB61334F3C6}.Ad-Hoc|ARM.Build.0 = Release|Any CPU
		{AED3EFCF-937A-4324-8DB0-DEB61334F3C6}.Ad-Hoc|iPhone.ActiveCfg = Release|Any CPU
		{AED3EFCF-937A-4324-8DB0-DEB61334F3C6}.Ad-Hoc|iPhone.Build.0 = Release|Any CPU
		{AED3EFCF-937A-4324-8DB0-DEB61334F3C6}.Ad-Hoc|iPhoneSimulator.ActiveCfg = Release|Any CPU
		{AED3EFCF-937A-4324-8DB0-DEB61334F3C6}.Ad-Hoc|iPhoneSimulator.Build.0 = Release|Any CPU
		{AED3EFCF-937A-4324-8DB0-DEB61334F3C6}.Ad-Hoc|x64.ActiveCfg = Release|Any CPU
		{AED3EFCF-937A-4324-8DB0-DEB61334F3C6}.Ad-Hoc|x64.Build.0 = Release|Any CPU
		{AED3EFCF-937A-4324-8DB0-DEB61334F3C6}.Ad-Hoc|x86.ActiveCfg = Release|Any CPU
		{AED3EFCF-937A-4324-8DB0-DEB61334F3C6}.Ad-Hoc|x86.Build.0 = Release|Any CPU
		{AED3EFCF-937A-4324-8DB0-DEB61334F3C6}.AppStore|Any CPU.ActiveCfg = Release|Any CPU
		{AED3EFCF-937A-4324-8DB0-DEB61334F3C6}.AppStore|Any CPU.Build.0 = Release|Any CPU
		{AED3EFCF-937A-4324-8DB0-DEB61334F3C6}.AppStore|ARM.ActiveCfg = Release|Any CPU
		{AED3EFCF-937A-4324-8DB0-DEB61334F3C6}.AppStore|ARM.Build.0 = Release|Any CPU
		{AED3EFCF-937A-4324-8DB0-DEB61334F3C6}.AppStore|iPhone.ActiveCfg = Release|Any CPU
		{AED3EFCF-937A-4324-8DB0-DEB61334F3C6}.AppStore|iPhone.Build.0 = Release|Any CPU
		{AED3EFCF-937A-4324-8DB0-DEB61334F3C6}.AppStore|iPhoneSimulator.ActiveCfg = Release|Any CPU
		{AED3EFCF-937A-4324-8DB0-DEB61334F3C6}.AppStore|iPhoneSimulator.Build.0 = Release|Any CPU
		{AED3EFCF-937A-4324-8DB0-DEB61334F3C6}.AppStore|x64.ActiveCfg = Release|Any CPU
		{AED3EFCF-937A-4324-8DB0-DEB61334F3C6}.AppStore|x64.Build.0 = Release|Any CPU
		{AED3EFCF-937A-4324-8DB0-DEB61334F3C6}.AppStore|x86.ActiveCfg = Release|Any CPU
		{AED3EFCF-937A-4324-8DB0-DEB61334F3C6}.AppStore|x86.Build.0 = Release|Any CPU
		{AED3EFCF-937A-4324-8DB0-DEB61334F3C6}.Debug|Any CPU.ActiveCfg = Debug|Any CPU
		{AED3EFCF-937A-4324-8DB0-DEB61334F3C6}.Debug|Any CPU.Build.0 = Debug|Any CPU
		{AED3EFCF-937A-4324-8DB0-DEB61334F3C6}.Debug|ARM.ActiveCfg = Debug|Any CPU
		{AED3EFCF-937A-4324-8DB0-DEB61334F3C6}.Debug|ARM.Build.0 = Debug|Any CPU
		{AED3EFCF-937A-4324-8DB0-DEB61334F3C6}.Debug|iPhone.ActiveCfg = Debug|Any CPU
		{AED3EFCF-937A-4324-8DB0-DEB61334F3C6}.Debug|iPhone.Build.0 = Debug|Any CPU
		{AED3EFCF-937A-4324-8DB0-DEB61334F3C6}.Debug|iPhoneSimulator.ActiveCfg = Debug|Any CPU
		{AED3EFCF-937A-4324-8DB0-DEB61334F3C6}.Debug|iPhoneSimulator.Build.0 = Debug|Any CPU
		{AED3EFCF-937A-4324-8DB0-DEB61334F3C6}.Debug|x64.ActiveCfg = Debug|Any CPU
		{AED3EFCF-937A-4324-8DB0-DEB61334F3C6}.Debug|x64.Build.0 = Debug|Any CPU
		{AED3EFCF-937A-4324-8DB0-DEB61334F3C6}.Debug|x86.ActiveCfg = Debug|Any CPU
		{AED3EFCF-937A-4324-8DB0-DEB61334F3C6}.Debug|x86.Build.0 = Debug|Any CPU
		{AED3EFCF-937A-4324-8DB0-DEB61334F3C6}.Release|Any CPU.ActiveCfg = Release|Any CPU
		{AED3EFCF-937A-4324-8DB0-DEB61334F3C6}.Release|Any CPU.Build.0 = Release|Any CPU
		{AED3EFCF-937A-4324-8DB0-DEB61334F3C6}.Release|ARM.ActiveCfg = Release|Any CPU
		{AED3EFCF-937A-4324-8DB0-DEB61334F3C6}.Release|ARM.Build.0 = Release|Any CPU
		{AED3EFCF-937A-4324-8DB0-DEB61334F3C6}.Release|iPhone.ActiveCfg = Release|Any CPU
		{AED3EFCF-937A-4324-8DB0-DEB61334F3C6}.Release|iPhone.Build.0 = Release|Any CPU
		{AED3EFCF-937A-4324-8DB0-DEB61334F3C6}.Release|iPhoneSimulator.ActiveCfg = Release|Any CPU
		{AED3EFCF-937A-4324-8DB0-DEB61334F3C6}.Release|iPhoneSimulator.Build.0 = Release|Any CPU
		{AED3EFCF-937A-4324-8DB0-DEB61334F3C6}.Release|x64.ActiveCfg = Release|Any CPU
		{AED3EFCF-937A-4324-8DB0-DEB61334F3C6}.Release|x64.Build.0 = Release|Any CPU
		{AED3EFCF-937A-4324-8DB0-DEB61334F3C6}.Release|x86.ActiveCfg = Release|Any CPU
		{AED3EFCF-937A-4324-8DB0-DEB61334F3C6}.Release|x86.Build.0 = Release|Any CPU
		{57950380-DA2C-40A9-A2D9-4B0698DE4A5A}.Ad-Hoc|Any CPU.ActiveCfg = Release|Any CPU
		{57950380-DA2C-40A9-A2D9-4B0698DE4A5A}.Ad-Hoc|Any CPU.Build.0 = Release|Any CPU
		{57950380-DA2C-40A9-A2D9-4B0698DE4A5A}.Ad-Hoc|Any CPU.Deploy.0 = Release|Any CPU
		{57950380-DA2C-40A9-A2D9-4B0698DE4A5A}.Ad-Hoc|ARM.ActiveCfg = Release|Any CPU
		{57950380-DA2C-40A9-A2D9-4B0698DE4A5A}.Ad-Hoc|ARM.Build.0 = Release|Any CPU
		{57950380-DA2C-40A9-A2D9-4B0698DE4A5A}.Ad-Hoc|ARM.Deploy.0 = Release|Any CPU
		{57950380-DA2C-40A9-A2D9-4B0698DE4A5A}.Ad-Hoc|iPhone.ActiveCfg = Release|Any CPU
		{57950380-DA2C-40A9-A2D9-4B0698DE4A5A}.Ad-Hoc|iPhone.Build.0 = Release|Any CPU
		{57950380-DA2C-40A9-A2D9-4B0698DE4A5A}.Ad-Hoc|iPhone.Deploy.0 = Release|Any CPU
		{57950380-DA2C-40A9-A2D9-4B0698DE4A5A}.Ad-Hoc|iPhoneSimulator.ActiveCfg = Release|Any CPU
		{57950380-DA2C-40A9-A2D9-4B0698DE4A5A}.Ad-Hoc|iPhoneSimulator.Build.0 = Release|Any CPU
		{57950380-DA2C-40A9-A2D9-4B0698DE4A5A}.Ad-Hoc|iPhoneSimulator.Deploy.0 = Release|Any CPU
		{57950380-DA2C-40A9-A2D9-4B0698DE4A5A}.Ad-Hoc|x64.ActiveCfg = Release|Any CPU
		{57950380-DA2C-40A9-A2D9-4B0698DE4A5A}.Ad-Hoc|x64.Build.0 = Release|Any CPU
		{57950380-DA2C-40A9-A2D9-4B0698DE4A5A}.Ad-Hoc|x64.Deploy.0 = Release|Any CPU
		{57950380-DA2C-40A9-A2D9-4B0698DE4A5A}.Ad-Hoc|x86.ActiveCfg = Release|Any CPU
		{57950380-DA2C-40A9-A2D9-4B0698DE4A5A}.Ad-Hoc|x86.Build.0 = Release|Any CPU
		{57950380-DA2C-40A9-A2D9-4B0698DE4A5A}.Ad-Hoc|x86.Deploy.0 = Release|Any CPU
		{57950380-DA2C-40A9-A2D9-4B0698DE4A5A}.AppStore|Any CPU.ActiveCfg = Release|Any CPU
		{57950380-DA2C-40A9-A2D9-4B0698DE4A5A}.AppStore|Any CPU.Build.0 = Release|Any CPU
		{57950380-DA2C-40A9-A2D9-4B0698DE4A5A}.AppStore|Any CPU.Deploy.0 = Release|Any CPU
		{57950380-DA2C-40A9-A2D9-4B0698DE4A5A}.AppStore|ARM.ActiveCfg = Release|Any CPU
		{57950380-DA2C-40A9-A2D9-4B0698DE4A5A}.AppStore|ARM.Build.0 = Release|Any CPU
		{57950380-DA2C-40A9-A2D9-4B0698DE4A5A}.AppStore|ARM.Deploy.0 = Release|Any CPU
		{57950380-DA2C-40A9-A2D9-4B0698DE4A5A}.AppStore|iPhone.ActiveCfg = Release|Any CPU
		{57950380-DA2C-40A9-A2D9-4B0698DE4A5A}.AppStore|iPhone.Build.0 = Release|Any CPU
		{57950380-DA2C-40A9-A2D9-4B0698DE4A5A}.AppStore|iPhone.Deploy.0 = Release|Any CPU
		{57950380-DA2C-40A9-A2D9-4B0698DE4A5A}.AppStore|iPhoneSimulator.ActiveCfg = Release|Any CPU
		{57950380-DA2C-40A9-A2D9-4B0698DE4A5A}.AppStore|iPhoneSimulator.Build.0 = Release|Any CPU
		{57950380-DA2C-40A9-A2D9-4B0698DE4A5A}.AppStore|iPhoneSimulator.Deploy.0 = Release|Any CPU
		{57950380-DA2C-40A9-A2D9-4B0698DE4A5A}.AppStore|x64.ActiveCfg = Release|Any CPU
		{57950380-DA2C-40A9-A2D9-4B0698DE4A5A}.AppStore|x64.Build.0 = Release|Any CPU
		{57950380-DA2C-40A9-A2D9-4B0698DE4A5A}.AppStore|x64.Deploy.0 = Release|Any CPU
		{57950380-DA2C-40A9-A2D9-4B0698DE4A5A}.AppStore|x86.ActiveCfg = Release|Any CPU
		{57950380-DA2C-40A9-A2D9-4B0698DE4A5A}.AppStore|x86.Build.0 = Release|Any CPU
		{57950380-DA2C-40A9-A2D9-4B0698DE4A5A}.AppStore|x86.Deploy.0 = Release|Any CPU
		{57950380-DA2C-40A9-A2D9-4B0698DE4A5A}.Debug|Any CPU.ActiveCfg = Debug|Any CPU
		{57950380-DA2C-40A9-A2D9-4B0698DE4A5A}.Debug|Any CPU.Build.0 = Debug|Any CPU
		{57950380-DA2C-40A9-A2D9-4B0698DE4A5A}.Debug|Any CPU.Deploy.0 = Debug|Any CPU
		{57950380-DA2C-40A9-A2D9-4B0698DE4A5A}.Debug|ARM.ActiveCfg = Debug|Any CPU
		{57950380-DA2C-40A9-A2D9-4B0698DE4A5A}.Debug|ARM.Build.0 = Debug|Any CPU
		{57950380-DA2C-40A9-A2D9-4B0698DE4A5A}.Debug|ARM.Deploy.0 = Debug|Any CPU
		{57950380-DA2C-40A9-A2D9-4B0698DE4A5A}.Debug|iPhone.ActiveCfg = Debug|Any CPU
		{57950380-DA2C-40A9-A2D9-4B0698DE4A5A}.Debug|iPhone.Build.0 = Debug|Any CPU
		{57950380-DA2C-40A9-A2D9-4B0698DE4A5A}.Debug|iPhone.Deploy.0 = Debug|Any CPU
		{57950380-DA2C-40A9-A2D9-4B0698DE4A5A}.Debug|iPhoneSimulator.ActiveCfg = Debug|Any CPU
		{57950380-DA2C-40A9-A2D9-4B0698DE4A5A}.Debug|iPhoneSimulator.Build.0 = Debug|Any CPU
		{57950380-DA2C-40A9-A2D9-4B0698DE4A5A}.Debug|iPhoneSimulator.Deploy.0 = Debug|Any CPU
		{57950380-DA2C-40A9-A2D9-4B0698DE4A5A}.Debug|x64.ActiveCfg = Debug|Any CPU
		{57950380-DA2C-40A9-A2D9-4B0698DE4A5A}.Debug|x64.Build.0 = Debug|Any CPU
		{57950380-DA2C-40A9-A2D9-4B0698DE4A5A}.Debug|x64.Deploy.0 = Debug|Any CPU
		{57950380-DA2C-40A9-A2D9-4B0698DE4A5A}.Debug|x86.ActiveCfg = Debug|Any CPU
		{57950380-DA2C-40A9-A2D9-4B0698DE4A5A}.Debug|x86.Build.0 = Debug|Any CPU
		{57950380-DA2C-40A9-A2D9-4B0698DE4A5A}.Debug|x86.Deploy.0 = Debug|Any CPU
		{57950380-DA2C-40A9-A2D9-4B0698DE4A5A}.Release|Any CPU.ActiveCfg = Release|Any CPU
		{57950380-DA2C-40A9-A2D9-4B0698DE4A5A}.Release|Any CPU.Build.0 = Release|Any CPU
		{57950380-DA2C-40A9-A2D9-4B0698DE4A5A}.Release|Any CPU.Deploy.0 = Release|Any CPU
		{57950380-DA2C-40A9-A2D9-4B0698DE4A5A}.Release|ARM.ActiveCfg = Release|Any CPU
		{57950380-DA2C-40A9-A2D9-4B0698DE4A5A}.Release|ARM.Build.0 = Release|Any CPU
		{57950380-DA2C-40A9-A2D9-4B0698DE4A5A}.Release|ARM.Deploy.0 = Release|Any CPU
		{57950380-DA2C-40A9-A2D9-4B0698DE4A5A}.Release|iPhone.ActiveCfg = Release|Any CPU
		{57950380-DA2C-40A9-A2D9-4B0698DE4A5A}.Release|iPhone.Build.0 = Release|Any CPU
		{57950380-DA2C-40A9-A2D9-4B0698DE4A5A}.Release|iPhone.Deploy.0 = Release|Any CPU
		{57950380-DA2C-40A9-A2D9-4B0698DE4A5A}.Release|iPhoneSimulator.ActiveCfg = Release|Any CPU
		{57950380-DA2C-40A9-A2D9-4B0698DE4A5A}.Release|iPhoneSimulator.Build.0 = Release|Any CPU
		{57950380-DA2C-40A9-A2D9-4B0698DE4A5A}.Release|iPhoneSimulator.Deploy.0 = Release|Any CPU
		{57950380-DA2C-40A9-A2D9-4B0698DE4A5A}.Release|x64.ActiveCfg = Release|Any CPU
		{57950380-DA2C-40A9-A2D9-4B0698DE4A5A}.Release|x64.Build.0 = Release|Any CPU
		{57950380-DA2C-40A9-A2D9-4B0698DE4A5A}.Release|x64.Deploy.0 = Release|Any CPU
		{57950380-DA2C-40A9-A2D9-4B0698DE4A5A}.Release|x86.ActiveCfg = Release|Any CPU
		{57950380-DA2C-40A9-A2D9-4B0698DE4A5A}.Release|x86.Build.0 = Release|Any CPU
		{57950380-DA2C-40A9-A2D9-4B0698DE4A5A}.Release|x86.Deploy.0 = Release|Any CPU
		{939FF7F7-4368-4468-80EC-BE2FADC45BDC}.Ad-Hoc|Any CPU.ActiveCfg = Ad-Hoc|iPhone
		{939FF7F7-4368-4468-80EC-BE2FADC45BDC}.Ad-Hoc|ARM.ActiveCfg = Ad-Hoc|iPhone
		{939FF7F7-4368-4468-80EC-BE2FADC45BDC}.Ad-Hoc|iPhone.ActiveCfg = Ad-Hoc|iPhone
		{939FF7F7-4368-4468-80EC-BE2FADC45BDC}.Ad-Hoc|iPhone.Build.0 = Ad-Hoc|iPhone
		{939FF7F7-4368-4468-80EC-BE2FADC45BDC}.Ad-Hoc|iPhoneSimulator.ActiveCfg = Ad-Hoc|iPhoneSimulator
		{939FF7F7-4368-4468-80EC-BE2FADC45BDC}.Ad-Hoc|iPhoneSimulator.Build.0 = Ad-Hoc|iPhoneSimulator
		{939FF7F7-4368-4468-80EC-BE2FADC45BDC}.Ad-Hoc|x64.ActiveCfg = Ad-Hoc|iPhone
		{939FF7F7-4368-4468-80EC-BE2FADC45BDC}.Ad-Hoc|x86.ActiveCfg = Ad-Hoc|iPhone
		{939FF7F7-4368-4468-80EC-BE2FADC45BDC}.AppStore|Any CPU.ActiveCfg = AppStore|iPhone
		{939FF7F7-4368-4468-80EC-BE2FADC45BDC}.AppStore|ARM.ActiveCfg = AppStore|iPhone
		{939FF7F7-4368-4468-80EC-BE2FADC45BDC}.AppStore|iPhone.ActiveCfg = AppStore|iPhone
		{939FF7F7-4368-4468-80EC-BE2FADC45BDC}.AppStore|iPhone.Build.0 = AppStore|iPhone
		{939FF7F7-4368-4468-80EC-BE2FADC45BDC}.AppStore|iPhoneSimulator.ActiveCfg = AppStore|iPhoneSimulator
		{939FF7F7-4368-4468-80EC-BE2FADC45BDC}.AppStore|iPhoneSimulator.Build.0 = AppStore|iPhoneSimulator
		{939FF7F7-4368-4468-80EC-BE2FADC45BDC}.AppStore|x64.ActiveCfg = AppStore|iPhone
		{939FF7F7-4368-4468-80EC-BE2FADC45BDC}.AppStore|x86.ActiveCfg = AppStore|iPhone
		{939FF7F7-4368-4468-80EC-BE2FADC45BDC}.Debug|Any CPU.ActiveCfg = Debug|iPhone
		{939FF7F7-4368-4468-80EC-BE2FADC45BDC}.Debug|ARM.ActiveCfg = Debug|iPhone
		{939FF7F7-4368-4468-80EC-BE2FADC45BDC}.Debug|iPhone.ActiveCfg = Debug|iPhone
		{939FF7F7-4368-4468-80EC-BE2FADC45BDC}.Debug|iPhone.Build.0 = Debug|iPhone
		{939FF7F7-4368-4468-80EC-BE2FADC45BDC}.Debug|iPhoneSimulator.ActiveCfg = Debug|iPhoneSimulator
		{939FF7F7-4368-4468-80EC-BE2FADC45BDC}.Debug|iPhoneSimulator.Build.0 = Debug|iPhoneSimulator
		{939FF7F7-4368-4468-80EC-BE2FADC45BDC}.Debug|x64.ActiveCfg = Debug|iPhone
		{939FF7F7-4368-4468-80EC-BE2FADC45BDC}.Debug|x86.ActiveCfg = Debug|iPhone
		{939FF7F7-4368-4468-80EC-BE2FADC45BDC}.Release|Any CPU.ActiveCfg = Release|iPhone
		{939FF7F7-4368-4468-80EC-BE2FADC45BDC}.Release|ARM.ActiveCfg = Release|iPhone
		{939FF7F7-4368-4468-80EC-BE2FADC45BDC}.Release|iPhone.ActiveCfg = Release|iPhone
		{939FF7F7-4368-4468-80EC-BE2FADC45BDC}.Release|iPhone.Build.0 = Release|iPhone
		{939FF7F7-4368-4468-80EC-BE2FADC45BDC}.Release|iPhoneSimulator.ActiveCfg = Release|iPhoneSimulator
		{939FF7F7-4368-4468-80EC-BE2FADC45BDC}.Release|iPhoneSimulator.Build.0 = Release|iPhoneSimulator
		{939FF7F7-4368-4468-80EC-BE2FADC45BDC}.Release|x64.ActiveCfg = Release|iPhone
		{939FF7F7-4368-4468-80EC-BE2FADC45BDC}.Release|x86.ActiveCfg = Release|iPhone
		{70776F94-4F6E-4201-A256-67120BDD4F91}.Ad-Hoc|Any CPU.ActiveCfg = Release|Any CPU
		{70776F94-4F6E-4201-A256-67120BDD4F91}.Ad-Hoc|Any CPU.Build.0 = Release|Any CPU
		{70776F94-4F6E-4201-A256-67120BDD4F91}.Ad-Hoc|Any CPU.Deploy.0 = Release|Any CPU
		{70776F94-4F6E-4201-A256-67120BDD4F91}.Ad-Hoc|ARM.ActiveCfg = Release|ARM
		{70776F94-4F6E-4201-A256-67120BDD4F91}.Ad-Hoc|ARM.Build.0 = Release|ARM
		{70776F94-4F6E-4201-A256-67120BDD4F91}.Ad-Hoc|ARM.Deploy.0 = Release|ARM
		{70776F94-4F6E-4201-A256-67120BDD4F91}.Ad-Hoc|iPhone.ActiveCfg = Release|Any CPU
		{70776F94-4F6E-4201-A256-67120BDD4F91}.Ad-Hoc|iPhone.Build.0 = Release|Any CPU
		{70776F94-4F6E-4201-A256-67120BDD4F91}.Ad-Hoc|iPhone.Deploy.0 = Release|Any CPU
		{70776F94-4F6E-4201-A256-67120BDD4F91}.Ad-Hoc|iPhoneSimulator.ActiveCfg = Release|Any CPU
		{70776F94-4F6E-4201-A256-67120BDD4F91}.Ad-Hoc|iPhoneSimulator.Build.0 = Release|Any CPU
		{70776F94-4F6E-4201-A256-67120BDD4F91}.Ad-Hoc|iPhoneSimulator.Deploy.0 = Release|Any CPU
		{70776F94-4F6E-4201-A256-67120BDD4F91}.Ad-Hoc|x64.ActiveCfg = Release|Any CPU
		{70776F94-4F6E-4201-A256-67120BDD4F91}.Ad-Hoc|x64.Build.0 = Release|Any CPU
		{70776F94-4F6E-4201-A256-67120BDD4F91}.Ad-Hoc|x64.Deploy.0 = Release|Any CPU
		{70776F94-4F6E-4201-A256-67120BDD4F91}.Ad-Hoc|x86.ActiveCfg = Release|x86
		{70776F94-4F6E-4201-A256-67120BDD4F91}.Ad-Hoc|x86.Build.0 = Release|x86
		{70776F94-4F6E-4201-A256-67120BDD4F91}.Ad-Hoc|x86.Deploy.0 = Release|x86
		{70776F94-4F6E-4201-A256-67120BDD4F91}.AppStore|Any CPU.ActiveCfg = Release|Any CPU
		{70776F94-4F6E-4201-A256-67120BDD4F91}.AppStore|Any CPU.Build.0 = Release|Any CPU
		{70776F94-4F6E-4201-A256-67120BDD4F91}.AppStore|Any CPU.Deploy.0 = Release|Any CPU
		{70776F94-4F6E-4201-A256-67120BDD4F91}.AppStore|ARM.ActiveCfg = Release|ARM
		{70776F94-4F6E-4201-A256-67120BDD4F91}.AppStore|ARM.Build.0 = Release|ARM
		{70776F94-4F6E-4201-A256-67120BDD4F91}.AppStore|ARM.Deploy.0 = Release|ARM
		{70776F94-4F6E-4201-A256-67120BDD4F91}.AppStore|iPhone.ActiveCfg = Release|Any CPU
		{70776F94-4F6E-4201-A256-67120BDD4F91}.AppStore|iPhone.Build.0 = Release|Any CPU
		{70776F94-4F6E-4201-A256-67120BDD4F91}.AppStore|iPhone.Deploy.0 = Release|Any CPU
		{70776F94-4F6E-4201-A256-67120BDD4F91}.AppStore|iPhoneSimulator.ActiveCfg = Release|Any CPU
		{70776F94-4F6E-4201-A256-67120BDD4F91}.AppStore|iPhoneSimulator.Build.0 = Release|Any CPU
		{70776F94-4F6E-4201-A256-67120BDD4F91}.AppStore|iPhoneSimulator.Deploy.0 = Release|Any CPU
		{70776F94-4F6E-4201-A256-67120BDD4F91}.AppStore|x64.ActiveCfg = Release|Any CPU
		{70776F94-4F6E-4201-A256-67120BDD4F91}.AppStore|x64.Build.0 = Release|Any CPU
		{70776F94-4F6E-4201-A256-67120BDD4F91}.AppStore|x64.Deploy.0 = Release|Any CPU
		{70776F94-4F6E-4201-A256-67120BDD4F91}.AppStore|x86.ActiveCfg = Release|x86
		{70776F94-4F6E-4201-A256-67120BDD4F91}.AppStore|x86.Build.0 = Release|x86
		{70776F94-4F6E-4201-A256-67120BDD4F91}.AppStore|x86.Deploy.0 = Release|x86
		{70776F94-4F6E-4201-A256-67120BDD4F91}.Debug|Any CPU.ActiveCfg = Debug|Any CPU
		{70776F94-4F6E-4201-A256-67120BDD4F91}.Debug|Any CPU.Build.0 = Debug|Any CPU
		{70776F94-4F6E-4201-A256-67120BDD4F91}.Debug|Any CPU.Deploy.0 = Debug|Any CPU
		{70776F94-4F6E-4201-A256-67120BDD4F91}.Debug|ARM.ActiveCfg = Debug|ARM
		{70776F94-4F6E-4201-A256-67120BDD4F91}.Debug|ARM.Build.0 = Debug|ARM
		{70776F94-4F6E-4201-A256-67120BDD4F91}.Debug|ARM.Deploy.0 = Debug|ARM
		{70776F94-4F6E-4201-A256-67120BDD4F91}.Debug|iPhone.ActiveCfg = Debug|Any CPU
		{70776F94-4F6E-4201-A256-67120BDD4F91}.Debug|iPhone.Build.0 = Debug|Any CPU
		{70776F94-4F6E-4201-A256-67120BDD4F91}.Debug|iPhone.Deploy.0 = Debug|Any CPU
		{70776F94-4F6E-4201-A256-67120BDD4F91}.Debug|iPhoneSimulator.ActiveCfg = Debug|Any CPU
		{70776F94-4F6E-4201-A256-67120BDD4F91}.Debug|iPhoneSimulator.Build.0 = Debug|Any CPU
		{70776F94-4F6E-4201-A256-67120BDD4F91}.Debug|iPhoneSimulator.Deploy.0 = Debug|Any CPU
		{70776F94-4F6E-4201-A256-67120BDD4F91}.Debug|x64.ActiveCfg = Debug|Any CPU
		{70776F94-4F6E-4201-A256-67120BDD4F91}.Debug|x64.Build.0 = Debug|Any CPU
		{70776F94-4F6E-4201-A256-67120BDD4F91}.Debug|x64.Deploy.0 = Debug|Any CPU
		{70776F94-4F6E-4201-A256-67120BDD4F91}.Debug|x86.ActiveCfg = Debug|x86
		{70776F94-4F6E-4201-A256-67120BDD4F91}.Debug|x86.Build.0 = Debug|x86
		{70776F94-4F6E-4201-A256-67120BDD4F91}.Debug|x86.Deploy.0 = Debug|x86
		{70776F94-4F6E-4201-A256-67120BDD4F91}.Release|Any CPU.ActiveCfg = Release|Any CPU
		{70776F94-4F6E-4201-A256-67120BDD4F91}.Release|Any CPU.Build.0 = Release|Any CPU
		{70776F94-4F6E-4201-A256-67120BDD4F91}.Release|Any CPU.Deploy.0 = Release|Any CPU
		{70776F94-4F6E-4201-A256-67120BDD4F91}.Release|ARM.ActiveCfg = Release|ARM
		{70776F94-4F6E-4201-A256-67120BDD4F91}.Release|ARM.Build.0 = Release|ARM
		{70776F94-4F6E-4201-A256-67120BDD4F91}.Release|ARM.Deploy.0 = Release|ARM
		{70776F94-4F6E-4201-A256-67120BDD4F91}.Release|iPhone.ActiveCfg = Release|Any CPU
		{70776F94-4F6E-4201-A256-67120BDD4F91}.Release|iPhone.Build.0 = Release|Any CPU
		{70776F94-4F6E-4201-A256-67120BDD4F91}.Release|iPhone.Deploy.0 = Release|Any CPU
		{70776F94-4F6E-4201-A256-67120BDD4F91}.Release|iPhoneSimulator.ActiveCfg = Release|Any CPU
		{70776F94-4F6E-4201-A256-67120BDD4F91}.Release|iPhoneSimulator.Build.0 = Release|Any CPU
		{70776F94-4F6E-4201-A256-67120BDD4F91}.Release|iPhoneSimulator.Deploy.0 = Release|Any CPU
		{70776F94-4F6E-4201-A256-67120BDD4F91}.Release|x64.ActiveCfg = Release|Any CPU
		{70776F94-4F6E-4201-A256-67120BDD4F91}.Release|x64.Build.0 = Release|Any CPU
		{70776F94-4F6E-4201-A256-67120BDD4F91}.Release|x64.Deploy.0 = Release|Any CPU
		{70776F94-4F6E-4201-A256-67120BDD4F91}.Release|x86.ActiveCfg = Release|x86
		{70776F94-4F6E-4201-A256-67120BDD4F91}.Release|x86.Build.0 = Release|x86
		{70776F94-4F6E-4201-A256-67120BDD4F91}.Release|x86.Deploy.0 = Release|x86
		{9C81A7A9-9B56-477C-B717-877FCFB69F85}.Ad-Hoc|Any CPU.ActiveCfg = Release|x86
		{9C81A7A9-9B56-477C-B717-877FCFB69F85}.Ad-Hoc|Any CPU.Build.0 = Release|x86
		{9C81A7A9-9B56-477C-B717-877FCFB69F85}.Ad-Hoc|Any CPU.Deploy.0 = Release|x86
		{9C81A7A9-9B56-477C-B717-877FCFB69F85}.Ad-Hoc|ARM.ActiveCfg = Release|ARM
		{9C81A7A9-9B56-477C-B717-877FCFB69F85}.Ad-Hoc|ARM.Build.0 = Release|ARM
		{9C81A7A9-9B56-477C-B717-877FCFB69F85}.Ad-Hoc|ARM.Deploy.0 = Release|ARM
		{9C81A7A9-9B56-477C-B717-877FCFB69F85}.Ad-Hoc|iPhone.ActiveCfg = Release|x86
		{9C81A7A9-9B56-477C-B717-877FCFB69F85}.Ad-Hoc|iPhone.Build.0 = Release|x86
		{9C81A7A9-9B56-477C-B717-877FCFB69F85}.Ad-Hoc|iPhone.Deploy.0 = Release|x86
		{9C81A7A9-9B56-477C-B717-877FCFB69F85}.Ad-Hoc|iPhoneSimulator.ActiveCfg = Release|x86
		{9C81A7A9-9B56-477C-B717-877FCFB69F85}.Ad-Hoc|iPhoneSimulator.Build.0 = Release|x86
		{9C81A7A9-9B56-477C-B717-877FCFB69F85}.Ad-Hoc|iPhoneSimulator.Deploy.0 = Release|x86
		{9C81A7A9-9B56-477C-B717-877FCFB69F85}.Ad-Hoc|x64.ActiveCfg = Release|x64
		{9C81A7A9-9B56-477C-B717-877FCFB69F85}.Ad-Hoc|x64.Build.0 = Release|x64
		{9C81A7A9-9B56-477C-B717-877FCFB69F85}.Ad-Hoc|x64.Deploy.0 = Release|x64
		{9C81A7A9-9B56-477C-B717-877FCFB69F85}.Ad-Hoc|x86.ActiveCfg = Release|x86
		{9C81A7A9-9B56-477C-B717-877FCFB69F85}.Ad-Hoc|x86.Build.0 = Release|x86
		{9C81A7A9-9B56-477C-B717-877FCFB69F85}.Ad-Hoc|x86.Deploy.0 = Release|x86
		{9C81A7A9-9B56-477C-B717-877FCFB69F85}.AppStore|Any CPU.ActiveCfg = Release|x86
		{9C81A7A9-9B56-477C-B717-877FCFB69F85}.AppStore|Any CPU.Build.0 = Release|x86
		{9C81A7A9-9B56-477C-B717-877FCFB69F85}.AppStore|Any CPU.Deploy.0 = Release|x86
		{9C81A7A9-9B56-477C-B717-877FCFB69F85}.AppStore|ARM.ActiveCfg = Release|ARM
		{9C81A7A9-9B56-477C-B717-877FCFB69F85}.AppStore|ARM.Build.0 = Release|ARM
		{9C81A7A9-9B56-477C-B717-877FCFB69F85}.AppStore|ARM.Deploy.0 = Release|ARM
		{9C81A7A9-9B56-477C-B717-877FCFB69F85}.AppStore|iPhone.ActiveCfg = Release|x86
		{9C81A7A9-9B56-477C-B717-877FCFB69F85}.AppStore|iPhone.Build.0 = Release|x86
		{9C81A7A9-9B56-477C-B717-877FCFB69F85}.AppStore|iPhone.Deploy.0 = Release|x86
		{9C81A7A9-9B56-477C-B717-877FCFB69F85}.AppStore|iPhoneSimulator.ActiveCfg = Release|x86
		{9C81A7A9-9B56-477C-B717-877FCFB69F85}.AppStore|iPhoneSimulator.Build.0 = Release|x86
		{9C81A7A9-9B56-477C-B717-877FCFB69F85}.AppStore|iPhoneSimulator.Deploy.0 = Release|x86
		{9C81A7A9-9B56-477C-B717-877FCFB69F85}.AppStore|x64.ActiveCfg = Release|x64
		{9C81A7A9-9B56-477C-B717-877FCFB69F85}.AppStore|x64.Build.0 = Release|x64
		{9C81A7A9-9B56-477C-B717-877FCFB69F85}.AppStore|x64.Deploy.0 = Release|x64
		{9C81A7A9-9B56-477C-B717-877FCFB69F85}.AppStore|x86.ActiveCfg = Release|x86
		{9C81A7A9-9B56-477C-B717-877FCFB69F85}.AppStore|x86.Build.0 = Release|x86
		{9C81A7A9-9B56-477C-B717-877FCFB69F85}.AppStore|x86.Deploy.0 = Release|x86
		{9C81A7A9-9B56-477C-B717-877FCFB69F85}.Debug|Any CPU.ActiveCfg = Debug|x86
		{9C81A7A9-9B56-477C-B717-877FCFB69F85}.Debug|ARM.ActiveCfg = Debug|ARM
		{9C81A7A9-9B56-477C-B717-877FCFB69F85}.Debug|ARM.Build.0 = Debug|ARM
		{9C81A7A9-9B56-477C-B717-877FCFB69F85}.Debug|ARM.Deploy.0 = Debug|ARM
		{9C81A7A9-9B56-477C-B717-877FCFB69F85}.Debug|iPhone.ActiveCfg = Debug|x86
		{9C81A7A9-9B56-477C-B717-877FCFB69F85}.Debug|iPhoneSimulator.ActiveCfg = Debug|x86
		{9C81A7A9-9B56-477C-B717-877FCFB69F85}.Debug|x64.ActiveCfg = Debug|x64
		{9C81A7A9-9B56-477C-B717-877FCFB69F85}.Debug|x64.Build.0 = Debug|x64
		{9C81A7A9-9B56-477C-B717-877FCFB69F85}.Debug|x64.Deploy.0 = Debug|x64
		{9C81A7A9-9B56-477C-B717-877FCFB69F85}.Debug|x86.ActiveCfg = Debug|x86
		{9C81A7A9-9B56-477C-B717-877FCFB69F85}.Debug|x86.Build.0 = Debug|x86
		{9C81A7A9-9B56-477C-B717-877FCFB69F85}.Debug|x86.Deploy.0 = Debug|x86
		{9C81A7A9-9B56-477C-B717-877FCFB69F85}.Release|Any CPU.ActiveCfg = Release|x86
		{9C81A7A9-9B56-477C-B717-877FCFB69F85}.Release|ARM.ActiveCfg = Release|ARM
		{9C81A7A9-9B56-477C-B717-877FCFB69F85}.Release|ARM.Build.0 = Release|ARM
		{9C81A7A9-9B56-477C-B717-877FCFB69F85}.Release|ARM.Deploy.0 = Release|ARM
		{9C81A7A9-9B56-477C-B717-877FCFB69F85}.Release|iPhone.ActiveCfg = Release|x86
		{9C81A7A9-9B56-477C-B717-877FCFB69F85}.Release|iPhoneSimulator.ActiveCfg = Release|x86
		{9C81A7A9-9B56-477C-B717-877FCFB69F85}.Release|x64.ActiveCfg = Release|x64
		{9C81A7A9-9B56-477C-B717-877FCFB69F85}.Release|x64.Build.0 = Release|x64
		{9C81A7A9-9B56-477C-B717-877FCFB69F85}.Release|x64.Deploy.0 = Release|x64
		{9C81A7A9-9B56-477C-B717-877FCFB69F85}.Release|x86.ActiveCfg = Release|x86
		{9C81A7A9-9B56-477C-B717-877FCFB69F85}.Release|x86.Build.0 = Release|x86
		{9C81A7A9-9B56-477C-B717-877FCFB69F85}.Release|x86.Deploy.0 = Release|x86
		{08AAA9AD-B7A7-418C-A4D5-6CAC5785D23D}.Ad-Hoc|Any CPU.ActiveCfg = Release|Any CPU
		{08AAA9AD-B7A7-418C-A4D5-6CAC5785D23D}.Ad-Hoc|Any CPU.Build.0 = Release|Any CPU
		{08AAA9AD-B7A7-418C-A4D5-6CAC5785D23D}.Ad-Hoc|Any CPU.Deploy.0 = Release|Any CPU
		{08AAA9AD-B7A7-418C-A4D5-6CAC5785D23D}.Ad-Hoc|ARM.ActiveCfg = Release|ARM
		{08AAA9AD-B7A7-418C-A4D5-6CAC5785D23D}.Ad-Hoc|ARM.Build.0 = Release|ARM
		{08AAA9AD-B7A7-418C-A4D5-6CAC5785D23D}.Ad-Hoc|ARM.Deploy.0 = Release|ARM
		{08AAA9AD-B7A7-418C-A4D5-6CAC5785D23D}.Ad-Hoc|iPhone.ActiveCfg = Release|Any CPU
		{08AAA9AD-B7A7-418C-A4D5-6CAC5785D23D}.Ad-Hoc|iPhone.Build.0 = Release|Any CPU
		{08AAA9AD-B7A7-418C-A4D5-6CAC5785D23D}.Ad-Hoc|iPhone.Deploy.0 = Release|Any CPU
		{08AAA9AD-B7A7-418C-A4D5-6CAC5785D23D}.Ad-Hoc|iPhoneSimulator.ActiveCfg = Release|Any CPU
		{08AAA9AD-B7A7-418C-A4D5-6CAC5785D23D}.Ad-Hoc|iPhoneSimulator.Build.0 = Release|Any CPU
		{08AAA9AD-B7A7-418C-A4D5-6CAC5785D23D}.Ad-Hoc|iPhoneSimulator.Deploy.0 = Release|Any CPU
		{08AAA9AD-B7A7-418C-A4D5-6CAC5785D23D}.Ad-Hoc|x64.ActiveCfg = Release|x64
		{08AAA9AD-B7A7-418C-A4D5-6CAC5785D23D}.Ad-Hoc|x64.Build.0 = Release|x64
		{08AAA9AD-B7A7-418C-A4D5-6CAC5785D23D}.Ad-Hoc|x64.Deploy.0 = Release|x64
		{08AAA9AD-B7A7-418C-A4D5-6CAC5785D23D}.Ad-Hoc|x86.ActiveCfg = Release|x86
		{08AAA9AD-B7A7-418C-A4D5-6CAC5785D23D}.Ad-Hoc|x86.Build.0 = Release|x86
		{08AAA9AD-B7A7-418C-A4D5-6CAC5785D23D}.Ad-Hoc|x86.Deploy.0 = Release|x86
		{08AAA9AD-B7A7-418C-A4D5-6CAC5785D23D}.AppStore|Any CPU.ActiveCfg = Release|Any CPU
		{08AAA9AD-B7A7-418C-A4D5-6CAC5785D23D}.AppStore|Any CPU.Build.0 = Release|Any CPU
		{08AAA9AD-B7A7-418C-A4D5-6CAC5785D23D}.AppStore|Any CPU.Deploy.0 = Release|Any CPU
		{08AAA9AD-B7A7-418C-A4D5-6CAC5785D23D}.AppStore|ARM.ActiveCfg = Release|ARM
		{08AAA9AD-B7A7-418C-A4D5-6CAC5785D23D}.AppStore|ARM.Build.0 = Release|ARM
		{08AAA9AD-B7A7-418C-A4D5-6CAC5785D23D}.AppStore|ARM.Deploy.0 = Release|ARM
		{08AAA9AD-B7A7-418C-A4D5-6CAC5785D23D}.AppStore|iPhone.ActiveCfg = Release|Any CPU
		{08AAA9AD-B7A7-418C-A4D5-6CAC5785D23D}.AppStore|iPhone.Build.0 = Release|Any CPU
		{08AAA9AD-B7A7-418C-A4D5-6CAC5785D23D}.AppStore|iPhone.Deploy.0 = Release|Any CPU
		{08AAA9AD-B7A7-418C-A4D5-6CAC5785D23D}.AppStore|iPhoneSimulator.ActiveCfg = Release|Any CPU
		{08AAA9AD-B7A7-418C-A4D5-6CAC5785D23D}.AppStore|iPhoneSimulator.Build.0 = Release|Any CPU
		{08AAA9AD-B7A7-418C-A4D5-6CAC5785D23D}.AppStore|iPhoneSimulator.Deploy.0 = Release|Any CPU
		{08AAA9AD-B7A7-418C-A4D5-6CAC5785D23D}.AppStore|x64.ActiveCfg = Release|x64
		{08AAA9AD-B7A7-418C-A4D5-6CAC5785D23D}.AppStore|x64.Build.0 = Release|x64
		{08AAA9AD-B7A7-418C-A4D5-6CAC5785D23D}.AppStore|x64.Deploy.0 = Release|x64
		{08AAA9AD-B7A7-418C-A4D5-6CAC5785D23D}.AppStore|x86.ActiveCfg = Release|x86
		{08AAA9AD-B7A7-418C-A4D5-6CAC5785D23D}.AppStore|x86.Build.0 = Release|x86
		{08AAA9AD-B7A7-418C-A4D5-6CAC5785D23D}.AppStore|x86.Deploy.0 = Release|x86
		{08AAA9AD-B7A7-418C-A4D5-6CAC5785D23D}.Debug|Any CPU.ActiveCfg = Debug|Any CPU
		{08AAA9AD-B7A7-418C-A4D5-6CAC5785D23D}.Debug|Any CPU.Build.0 = Debug|Any CPU
		{08AAA9AD-B7A7-418C-A4D5-6CAC5785D23D}.Debug|Any CPU.Deploy.0 = Debug|Any CPU
		{08AAA9AD-B7A7-418C-A4D5-6CAC5785D23D}.Debug|ARM.ActiveCfg = Debug|ARM
		{08AAA9AD-B7A7-418C-A4D5-6CAC5785D23D}.Debug|ARM.Build.0 = Debug|ARM
		{08AAA9AD-B7A7-418C-A4D5-6CAC5785D23D}.Debug|ARM.Deploy.0 = Debug|ARM
		{08AAA9AD-B7A7-418C-A4D5-6CAC5785D23D}.Debug|iPhone.ActiveCfg = Debug|Any CPU
		{08AAA9AD-B7A7-418C-A4D5-6CAC5785D23D}.Debug|iPhone.Build.0 = Debug|Any CPU
		{08AAA9AD-B7A7-418C-A4D5-6CAC5785D23D}.Debug|iPhone.Deploy.0 = Debug|Any CPU
		{08AAA9AD-B7A7-418C-A4D5-6CAC5785D23D}.Debug|iPhoneSimulator.ActiveCfg = Debug|Any CPU
		{08AAA9AD-B7A7-418C-A4D5-6CAC5785D23D}.Debug|iPhoneSimulator.Build.0 = Debug|Any CPU
		{08AAA9AD-B7A7-418C-A4D5-6CAC5785D23D}.Debug|iPhoneSimulator.Deploy.0 = Debug|Any CPU
		{08AAA9AD-B7A7-418C-A4D5-6CAC5785D23D}.Debug|x64.ActiveCfg = Debug|x64
		{08AAA9AD-B7A7-418C-A4D5-6CAC5785D23D}.Debug|x64.Build.0 = Debug|x64
		{08AAA9AD-B7A7-418C-A4D5-6CAC5785D23D}.Debug|x64.Deploy.0 = Debug|x64
		{08AAA9AD-B7A7-418C-A4D5-6CAC5785D23D}.Debug|x86.ActiveCfg = Debug|x86
		{08AAA9AD-B7A7-418C-A4D5-6CAC5785D23D}.Debug|x86.Build.0 = Debug|x86
		{08AAA9AD-B7A7-418C-A4D5-6CAC5785D23D}.Debug|x86.Deploy.0 = Debug|x86
		{08AAA9AD-B7A7-418C-A4D5-6CAC5785D23D}.Release|Any CPU.ActiveCfg = Release|Any CPU
		{08AAA9AD-B7A7-418C-A4D5-6CAC5785D23D}.Release|Any CPU.Build.0 = Release|Any CPU
		{08AAA9AD-B7A7-418C-A4D5-6CAC5785D23D}.Release|Any CPU.Deploy.0 = Release|Any CPU
		{08AAA9AD-B7A7-418C-A4D5-6CAC5785D23D}.Release|ARM.ActiveCfg = Release|ARM
		{08AAA9AD-B7A7-418C-A4D5-6CAC5785D23D}.Release|ARM.Build.0 = Release|ARM
		{08AAA9AD-B7A7-418C-A4D5-6CAC5785D23D}.Release|ARM.Deploy.0 = Release|ARM
		{08AAA9AD-B7A7-418C-A4D5-6CAC5785D23D}.Release|iPhone.ActiveCfg = Release|Any CPU
		{08AAA9AD-B7A7-418C-A4D5-6CAC5785D23D}.Release|iPhone.Build.0 = Release|Any CPU
		{08AAA9AD-B7A7-418C-A4D5-6CAC5785D23D}.Release|iPhone.Deploy.0 = Release|Any CPU
		{08AAA9AD-B7A7-418C-A4D5-6CAC5785D23D}.Release|iPhoneSimulator.ActiveCfg = Release|Any CPU
		{08AAA9AD-B7A7-418C-A4D5-6CAC5785D23D}.Release|iPhoneSimulator.Build.0 = Release|Any CPU
		{08AAA9AD-B7A7-418C-A4D5-6CAC5785D23D}.Release|iPhoneSimulator.Deploy.0 = Release|Any CPU
		{08AAA9AD-B7A7-418C-A4D5-6CAC5785D23D}.Release|x64.ActiveCfg = Release|x64
		{08AAA9AD-B7A7-418C-A4D5-6CAC5785D23D}.Release|x64.Build.0 = Release|x64
		{08AAA9AD-B7A7-418C-A4D5-6CAC5785D23D}.Release|x64.Deploy.0 = Release|x64
		{08AAA9AD-B7A7-418C-A4D5-6CAC5785D23D}.Release|x86.ActiveCfg = Release|x86
		{08AAA9AD-B7A7-418C-A4D5-6CAC5785D23D}.Release|x86.Build.0 = Release|x86
		{08AAA9AD-B7A7-418C-A4D5-6CAC5785D23D}.Release|x86.Deploy.0 = Release|x86
	EndGlobalSection
	GlobalSection(SolutionProperties) = preSolution
		HideSolutionNode = FALSE
	EndGlobalSection
EndGlobal
